
Microsoft Visual Studio Solution File, Format Version 12.00
# Visual Studio Version 17
VisualStudioVersion = 17.4.33205.214
MinimumVisualStudioVersion = 10.0.40219.1
Project("{9A19103F-16F7-4668-BE54-9A1E7A4F7556}") = "WinformForIT9", "WinformForIT9.csproj", "{6E073EEB-42F8-4405-9D9F-075C139F57D2}"
EndProject
Project("{FAE04EC0-301F-11D3-BF4B-00C04F79EFBC}") = "abcdoremi", "..\abcdoremi\abcdoremi.csproj", "{D6A919A6-2C7E-4916-8D0B-122CB1011CC3}"
EndProject
Global
	GlobalSection(SolutionConfigurationPlatforms) = preSolution
		Debug|Any CPU = Debug|Any CPU
		Release|Any CPU = Release|Any CPU
	EndGlobalSection
	GlobalSection(ProjectConfigurationPlatforms) = postSolution
		{6E073EEB-42F8-4405-9D9F-075C139F57D2}.Debug|Any CPU.ActiveCfg = Debug|Any CPU
		{6E073EEB-42F8-4405-9D9F-075C139F57D2}.Debug|Any CPU.Build.0 = Debug|Any CPU
		{6E073EEB-42F8-4405-9D9F-075C139F57D2}.Release|Any CPU.ActiveCfg = Release|Any CPU
		{6E073EEB-42F8-4405-9D9F-075C139F57D2}.Release|Any CPU.Build.0 = Release|Any CPU
		{D6A919A6-2C7E-4916-8D0B-122CB1011CC3}.Debug|Any CPU.ActiveCfg = Debug|Any CPU
		{D6A919A6-2C7E-4916-8D0B-122CB1011CC3}.Debug|Any CPU.Build.0 = Debug|Any CPU
		{D6A919A6-2C7E-4916-8D0B-122CB1011CC3}.Release|Any CPU.ActiveCfg = Release|Any CPU
		{D6A919A6-2C7E-4916-8D0B-122CB1011CC3}.Release|Any CPU.Build.0 = Release|Any CPU
	EndGlobalSection
	GlobalSection(SolutionProperties) = preSolution
		HideSolutionNode = FALSE
	EndGlobalSection
	GlobalSection(ExtensibilityGlobals) = postSolution
		SolutionGuid = {A32BAD9B-9501-4769-9DCC-8144FC33B361}
	EndGlobalSection
EndGlobal
